
Microsoft Visual Studio Solution File, Format Version 12.00
# Visual Studio Version 16
VisualStudioVersion = 16.0.29728.190
MinimumVisualStudioVersion = 10.0.40219.1
Project("{9A19103F-16F7-4668-BE54-9A1E7A4F7556}") = "FluentApi", "FluentApi\FluentApi.csproj", "{BD861617-7577-40E3-A559-A9347CA5E8FE}"
EndProject
Project("{FAE04EC0-301F-11D3-BF4B-00C04F79EFBC}") = "FluentApi.Tests", "FluentApi.Tests\FluentApi.Tests.csproj", "{B8B471F8-4824-4682-822C-E19B42D47C60}"
EndProject
Global
	GlobalSection(SolutionConfigurationPlatforms) = preSolution
		Debug|Any CPU = Debug|Any CPU
		Release|Any CPU = Release|Any CPU
	EndGlobalSection
	GlobalSection(ProjectConfigurationPlatforms) = postSolution
		{BD861617-7577-40E3-A559-A9347CA5E8FE}.Debug|Any CPU.ActiveCfg = Debug|Any CPU
		{BD861617-7577-40E3-A559-A9347CA5E8FE}.Debug|Any CPU.Build.0 = Debug|Any CPU
		{BD861617-7577-40E3-A559-A9347CA5E8FE}.Release|Any CPU.ActiveCfg = Release|Any CPU
		{BD861617-7577-40E3-A559-A9347CA5E8FE}.Release|Any CPU.Build.0 = Release|Any CPU
		{B8B471F8-4824-4682-822C-E19B42D47C60}.Debug|Any CPU.ActiveCfg = Debug|Any CPU
		{B8B471F8-4824-4682-822C-E19B42D47C60}.Debug|Any CPU.Build.0 = Debug|Any CPU
		{B8B471F8-4824-4682-822C-E19B42D47C60}.Release|Any CPU.ActiveCfg = Release|Any CPU
		{B8B471F8-4824-4682-822C-E19B42D47C60}.Release|Any CPU.Build.0 = Release|Any CPU
	EndGlobalSection
	GlobalSection(SolutionProperties) = preSolution
		HideSolutionNode = FALSE
	EndGlobalSection
	GlobalSection(ExtensibilityGlobals) = postSolution
		SolutionGuid = {A445261F-624F-4E24-B5BE-352E207CF0CB}
	EndGlobalSection
EndGlobal
